
Microsoft Visual Studio Solution File, Format Version 12.00
# Visual Studio 15
VisualStudioVersion = 15.0.28307.645
MinimumVisualStudioVersion = 10.0.40219.1
Project("{FAE04EC0-301F-11D3-BF4B-00C04F79EFBC}") = "Trabalho 2º. Bimestre", "Trabalho 2º. Bimestre\Trabalho 2º. Bimestre.csproj", "{D21133F9-34C7-4841-A167-2EC00F58240B}"
EndProject
Global
	GlobalSection(SolutionConfigurationPlatforms) = preSolution
		Debug|Any CPU = Debug|Any CPU
		Release|Any CPU = Release|Any CPU
	EndGlobalSection
	GlobalSection(ProjectConfigurationPlatforms) = postSolution
		{D21133F9-34C7-4841-A167-2EC00F58240B}.Debug|Any CPU.ActiveCfg = Debug|Any CPU
		{D21133F9-34C7-4841-A167-2EC00F58240B}.Debug|Any CPU.Build.0 = Debug|Any CPU
		{D21133F9-34C7-4841-A167-2EC00F58240B}.Release|Any CPU.ActiveCfg = Release|Any CPU
		{D21133F9-34C7-4841-A167-2EC00F58240B}.Release|Any CPU.Build.0 = Release|Any CPU
	EndGlobalSection
	GlobalSection(SolutionProperties) = preSolution
		HideSolutionNode = FALSE
	EndGlobalSection
	GlobalSection(ExtensibilityGlobals) = postSolution
		SolutionGuid = {CC51E7F0-AFDF-43AE-AD3C-F53E28A283EB}
	EndGlobalSection
EndGlobal
